
Microsoft Visual Studio Solution File, Format Version 12.00
# Visual Studio Version 17
VisualStudioVersion = 17.9.34607.119
MinimumVisualStudioVersion = 10.0.40219.1
Project("{9A19103F-16F7-4668-BE54-9A1E7A4F7556}") = "Presentation", "Presentation\Presentation.csproj", "{ABC06A89-1244-4FD3-A765-91EF36CB4C08}"
EndProject
Project("{9A19103F-16F7-4668-BE54-9A1E7A4F7556}") = "Entity", "Entity\Entity.csproj", "{074EB841-8CCC-4754-A836-6D740E87017F}"
EndProject
Project("{9A19103F-16F7-4668-BE54-9A1E7A4F7556}") = "Repositores", "Repositores\Repositores.csproj", "{1EF3F056-C010-4501-8C09-439E5608A747}"
EndProject
Project("{9A19103F-16F7-4668-BE54-9A1E7A4F7556}") = "Service", "Service\Service.csproj", "{32523A64-9041-49A1-AF2B-99B55754BDBD}"
EndProject
Project("{FAE04EC0-301F-11D3-BF4B-00C04F79EFBC}") = "NowaDaysWebApi", "NowaDaysWebApi\NowaDaysWebApi.csproj", "{8840BCAE-7AF3-4636-B45D-230B0964B22A}"
EndProject
Global
	GlobalSection(SolutionConfigurationPlatforms) = preSolution
		Debug|Any CPU = Debug|Any CPU
		Release|Any CPU = Release|Any CPU
	EndGlobalSection
	GlobalSection(ProjectConfigurationPlatforms) = postSolution
		{ABC06A89-1244-4FD3-A765-91EF36CB4C08}.Debug|Any CPU.ActiveCfg = Debug|Any CPU
		{ABC06A89-1244-4FD3-A765-91EF36CB4C08}.Debug|Any CPU.Build.0 = Debug|Any CPU
		{ABC06A89-1244-4FD3-A765-91EF36CB4C08}.Release|Any CPU.ActiveCfg = Release|Any CPU
		{ABC06A89-1244-4FD3-A765-91EF36CB4C08}.Release|Any CPU.Build.0 = Release|Any CPU
		{074EB841-8CCC-4754-A836-6D740E87017F}.Debug|Any CPU.ActiveCfg = Debug|Any CPU
		{074EB841-8CCC-4754-A836-6D740E87017F}.Debug|Any CPU.Build.0 = Debug|Any CPU
		{074EB841-8CCC-4754-A836-6D740E87017F}.Release|Any CPU.ActiveCfg = Release|Any CPU
		{074EB841-8CCC-4754-A836-6D740E87017F}.Release|Any CPU.Build.0 = Release|Any CPU
		{1EF3F056-C010-4501-8C09-439E5608A747}.Debug|Any CPU.ActiveCfg = Debug|Any CPU
		{1EF3F056-C010-4501-8C09-439E5608A747}.Debug|Any CPU.Build.0 = Debug|Any CPU
		{1EF3F056-C010-4501-8C09-439E5608A747}.Release|Any CPU.ActiveCfg = Release|Any CPU
		{1EF3F056-C010-4501-8C09-439E5608A747}.Release|Any CPU.Build.0 = Release|Any CPU
		{32523A64-9041-49A1-AF2B-99B55754BDBD}.Debug|Any CPU.ActiveCfg = Debug|Any CPU
		{32523A64-9041-49A1-AF2B-99B55754BDBD}.Debug|Any CPU.Build.0 = Debug|Any CPU
		{32523A64-9041-49A1-AF2B-99B55754BDBD}.Release|Any CPU.ActiveCfg = Release|Any CPU
		{32523A64-9041-49A1-AF2B-99B55754BDBD}.Release|Any CPU.Build.0 = Release|Any CPU
		{8840BCAE-7AF3-4636-B45D-230B0964B22A}.Debug|Any CPU.ActiveCfg = Debug|Any CPU
		{8840BCAE-7AF3-4636-B45D-230B0964B22A}.Debug|Any CPU.Build.0 = Debug|Any CPU
		{8840BCAE-7AF3-4636-B45D-230B0964B22A}.Release|Any CPU.ActiveCfg = Release|Any CPU
		{8840BCAE-7AF3-4636-B45D-230B0964B22A}.Release|Any CPU.Build.0 = Release|Any CPU
	EndGlobalSection
	GlobalSection(SolutionProperties) = preSolution
		HideSolutionNode = FALSE
	EndGlobalSection
	GlobalSection(ExtensibilityGlobals) = postSolution
		SolutionGuid = {CA5D784F-F4C6-41ED-80C5-8F0B9DBAD59C}
	EndGlobalSection
EndGlobal
